version = 1
revision = 3
requires-python = ">=3.10, <3.16"

[options]
resolution-mode = "lowest"

[manifest]
constraints = [
    { name = "iniconfig", specifier = ">=1.0.0" },
    { name = "packaging", specifier = ">=21.0" },
    { name = "pluggy", specifier = ">=1.0.0" },
    { name = "pyparsing", specifier = ">=2.4.7" },
]

[[package]]
name = "colorama"
version = "0.1"
source = { registry = "https://pypi.org/simple" }
sdist = { url = "https://files.pythonhosted.org/packages/c4/5f/bd491ccfba0060c785e019ffdeb885fb31c9075573b8414c927b22c7d0f7/colorama-0.1.zip", hash = "sha256:dde5204ace2a469f2065d86e1c998e34bf0db8fa390eea7db91e17dd74f1ca9e", size = 15389, upload-time = "2010-04-20T02:02:19.446Z" }

[[package]]
name = "coverage"
version = "7.5.0"
source = { registry = "https://pypi.org/simple" }
sdist = { url = "https://files.pythonhosted.org/packages/52/d3/3ec80acdd57a0d6a1111b978ade388824f37126446fd6750d38bfaca949c/coverage-7.5.0.tar.gz", hash = "sha256:cf62d17310f34084c59c01e027259076479128d11e4661bb6c9acb38c5e19bb8", size = 798314, upload-time = "2024-04-23T17:42:35.508Z" }
wheels = [
    { url = "https://files.pythonhosted.org/packages/31/db/08d54dbc12fdfe5857b06105fd1235bdebb7da7c11cd1a0fae936556162a/coverage-7.5.0-cp310-cp310-macosx_10_9_x86_64.whl", hash = "sha256:432949a32c3e3f820af808db1833d6d1631664d53dd3ce487aa25d574e18ad1c", size = 210025, upload-time = "2024-04-23T17:40:22.328Z" },
    { url = "https://files.pythonhosted.org/packages/a8/ff/02c4bcff1025b4a788aa3933e1cd1474d79de43e0d859273b3319ef43cd3/coverage-7.5.0-cp310-cp310-macosx_11_0_arm64.whl", hash = "sha256:2bd7065249703cbeb6d4ce679c734bef0ee69baa7bff9724361ada04a15b7e3b", size = 210499, upload-time = "2024-04-23T17:40:25.747Z" },
    { url = "https://files.pythonhosted.org/packages/ab/b1/7820a8ef62adeebd37612af9d2369f4467a3bc2641dea1243450def5489e/coverage-7.5.0-cp310-cp310-manylinux_2_17_aarch64.manylinux2014_aarch64.whl", hash = "sha256:bbfe6389c5522b99768a93d89aca52ef92310a96b99782973b9d11e80511f932", size = 238399, upload-time = "2024-04-23T17:40:27.591Z" },
    { url = "https://files.pythonhosted.org/packages/2c/0e/23a388f3ce16c5ea01a454fef6a9039115abd40b748027d4fef18b3628a7/coverage-7.5.0-cp310-cp310-manylinux_2_5_i686.manylinux1_i686.manylinux_2_17_i686.manylinux2014_i686.whl", hash = "sha256:39793731182c4be939b4be0cdecde074b833f6171313cf53481f869937129ed3", size = 236676, upload-time = "2024-04-23T17:40:30.455Z" },
    { url = "https://files.pythonhosted.org/packages/f8/81/e871b0d58ca5d6cc27d00b2f668ce09c4643ef00512341f3a592a81fb6cd/coverage-7.5.0-cp310-cp310-manylinux_2_5_x86_64.manylinux1_x86_64.manylinux_2_17_x86_64.manylinux2014_x86_64.whl", hash = "sha256:85a5dbe1ba1bf38d6c63b6d2c42132d45cbee6d9f0c51b52c59aa4afba057517", size = 237467, upload-time = "2024-04-23T17:40:32.704Z" },
    { url = "https://files.pythonhosted.org/packages/95/cb/42a6d34d5840635394f1e172aaa0e7cbd9346155e5004a8ee75d8e434c6b/coverage-7.5.0-cp310-cp310-musllinux_1_1_aarch64.whl", hash = "sha256:357754dcdfd811462a725e7501a9b4556388e8ecf66e79df6f4b988fa3d0b39a", size = 243539, upload-time = "2024-04-23T17:40:35.068Z" },
    { url = "https://files.pythonhosted.org/packages/6a/6a/18b3819919fdfd3e2062a75219b363f895f24ae5b80e72ffe5dfb1a7e9c8/coverage-7.5.0-cp310-cp310-musllinux_1_1_i686.whl", hash = "sha256:a81eb64feded34f40c8986869a2f764f0fe2db58c0530d3a4afbcde50f314880", size = 241725, upload-time = "2024-04-23T17:40:37.251Z" },
    { url = "https://files.pythonhosted.org/packages/b5/3d/a0650978e8b8f78d269358421b7401acaf7cb89e957b2e1be5205ea5940e/coverage-7.5.0-cp310-cp310-musllinux_1_1_x86_64.whl", hash = "sha256:51431d0abbed3a868e967f8257c5faf283d41ec882f58413cf295a389bb22e58", size = 242913, upload-time = "2024-04-23T17:40:39.992Z" },
    { url = "https://files.pythonhosted.org/packages/8a/fe/95a74158fa0eda56d39783e918edc6fbb3dd3336be390557fc0a2815ecd4/coverage-7.5.0-cp310-cp310-win32.whl", hash = "sha256:f609ebcb0242d84b7adeee2b06c11a2ddaec5464d21888b2c8255f5fd6a98ae4", size = 212381, upload-time = "2024-04-23T17:40:42.632Z" },
    { url = "https://files.pythonhosted.org/packages/4c/26/b276e0c70cba5059becce2594a268a2731d5b4f2386e9a6afdf37ffa3d44/coverage-7.5.0-cp310-cp310-win_amd64.whl", hash = "sha256:6782cd6216fab5a83216cc39f13ebe30adfac2fa72688c5a4d8d180cd52e8f6a", size = 213225, upload-time = "2024-04-23T17:40:45.175Z" },
    { url = "https://files.pythonhosted.org/packages/71/cf/964bb667ea37d64b25f04d4cfaf6232cdb7a6472e1f4a4faf0459ddcec40/coverage-7.5.0-cp311-cp311-macosx_10_9_x86_64.whl", hash = "sha256:e768d870801f68c74c2b669fc909839660180c366501d4cc4b87efd6b0eee375", size = 210130, upload-time = "2024-04-23T17:40:47.325Z" },
    { url = "https://files.pythonhosted.org/packages/aa/56/31edd4baa132fe2b991437e0acf3e36c50418370044a89b65518e5581f4c/coverage-7.5.0-cp311-cp311-macosx_11_0_arm64.whl", hash = "sha256:84921b10aeb2dd453247fd10de22907984eaf80901b578a5cf0bb1e279a587cb", size = 210617, upload-time = "2024-04-23T17:40:49.82Z" },
    { url = "https://files.pythonhosted.org/packages/26/6d/4cd14bd0221180c307fae4f8ef00dbd86a13507c25081858c620aa6fafd8/coverage-7.5.0-cp311-cp311-manylinux_2_17_aarch64.manylinux2014_aarch64.whl", hash = "sha256:710c62b6e35a9a766b99b15cdc56d5aeda0914edae8bb467e9c355f75d14ee95", size = 242048, upload-time = "2024-04-23T17:40:52.779Z" },
    { url = "https://files.pythonhosted.org/packages/84/60/7eb84255bd9947b140e0382721b0a1b25fd670b4f0f176f11f90b5632d02/coverage-7.5.0-cp311-cp311-manylinux_2_5_i686.manylinux1_i686.manylinux_2_17_i686.manylinux2014_i686.whl", hash = "sha256:c379cdd3efc0658e652a14112d51a7668f6bfca7445c5a10dee7eabecabba19d", size = 239619, upload-time = "2024-04-23T17:40:54.847Z" },
    { url = "https://files.pythonhosted.org/packages/76/6b/e8f4696194fdf3c19422f2a80ac10e03a9322f93e6c9ef57a89e03a8c8f7/coverage-7.5.0-cp311-cp311-manylinux_2_5_x86_64.manylinux1_x86_64.manylinux_2_17_x86_64.manylinux2014_x86_64.whl", hash = "sha256:fea9d3ca80bcf17edb2c08a4704259dadac196fe5e9274067e7a20511fad1743", size = 241321, upload-time = "2024-04-23T17:40:57.092Z" },
    { url = "https://files.pythonhosted.org/packages/3f/1c/6a6990fd2e6890807775852882b1ed0a8e50519a525252490b0c219aa8a5/coverage-7.5.0-cp311-cp311-musllinux_1_1_aarch64.whl", hash = "sha256:41327143c5b1d715f5f98a397608f90ab9ebba606ae4e6f3389c2145410c52b1", size = 250419, upload-time = "2024-04-23T17:40:59.051Z" },
    { url = "https://files.pythonhosted.org/packages/1a/be/b6422a1422381704dd015cc23e503acd1a44a6bdc4e59c75f8c6a2b24151/coverage-7.5.0-cp311-cp311-musllinux_1_1_i686.whl", hash = "sha256:565b2e82d0968c977e0b0f7cbf25fd06d78d4856289abc79694c8edcce6eb2de", size = 248794, upload-time = "2024-04-23T17:41:01.803Z" },
    { url = "https://files.pythonhosted.org/packages/9b/93/e8231000754d4a31fe9a6c550f6a436eacd2e50763ba2b418f10b2308e45/coverage-7.5.0-cp311-cp311-musllinux_1_1_x86_64.whl", hash = "sha256:cf3539007202ebfe03923128fedfdd245db5860a36810136ad95a564a2fdffff", size = 249873, upload-time = "2024-04-23T17:41:04.719Z" },
    { url = "https://files.pythonhosted.org/packages/d3/6f/eb5aae80bf9d01d0f293121d4caa660ac968da2cb967f82547a7b5e8d65b/coverage-7.5.0-cp311-cp311-win32.whl", hash = "sha256:bf0b4b8d9caa8d64df838e0f8dcf68fb570c5733b726d1494b87f3da85db3a2d", size = 212380, upload-time = "2024-04-23T17:41:06.879Z" },
    { url = "https://files.pythonhosted.org/packages/30/73/b70ab57f11b62f5ca9a83f43cae752fbbb4417bea651875235c32eb2fc2e/coverage-7.5.0-cp311-cp311-win_amd64.whl", hash = "sha256:9c6384cc90e37cfb60435bbbe0488444e54b98700f727f16f64d8bfda0b84656", size = 213316, upload-time = "2024-04-23T17:41:09.233Z" },
    { url = "https://files.pythonhosted.org/packages/36/db/f4e17ffb5ac2d125c72ee3b235c2e04f85a4296a6a9e17730e218af113d8/coverage-7.5.0-cp312-cp312-macosx_10_9_x86_64.whl", hash = "sha256:fed7a72d54bd52f4aeb6c6e951f363903bd7d70bc1cad64dd1f087980d309ab9", size = 210340, upload-time = "2024-04-23T17:41:11.811Z" },
    { url = "https://files.pythonhosted.org/packages/c3/bc/d7e832280f269be9e8d46cff5c4031b4840f1844674dc53ad93c5a9c1da6/coverage-7.5.0-cp312-cp312-macosx_11_0_arm64.whl", hash = "sha256:cbe6581fcff7c8e262eb574244f81f5faaea539e712a058e6707a9d272fe5b64", size = 210612, upload-time = "2024-04-23T17:41:14.256Z" },
    { url = "https://files.pythonhosted.org/packages/54/84/543e2cd6c1de30c7522a0afcb040677957bac756dd8677bade8bdd9274ba/coverage-7.5.0-cp312-cp312-manylinux_2_17_aarch64.manylinux2014_aarch64.whl", hash = "sha256:ad97ec0da94b378e593ef532b980c15e377df9b9608c7c6da3506953182398af", size = 242926, upload-time = "2024-04-23T17:41:16.284Z" },
    { url = "https://files.pythonhosted.org/packages/ad/06/570533f747141b4fd727a193317e16c6e677ed7945e23a195b8f64e685a2/coverage-7.5.0-cp312-cp312-manylinux_2_5_i686.manylinux1_i686.manylinux_2_17_i686.manylinux2014_i686.whl", hash = "sha256:bd4bacd62aa2f1a1627352fe68885d6ee694bdaebb16038b6e680f2924a9b2cc", size = 240294, upload-time = "2024-04-23T17:41:19.099Z" },
    { url = "https://files.pythonhosted.org/packages/fa/d9/ec4ba0913195d240d026670d41b91f3e5b9a8a143a385f93a09e97c90f5c/coverage-7.5.0-cp312-cp312-manylinux_2_5_x86_64.manylinux1_x86_64.manylinux_2_17_x86_64.manylinux2014_x86_64.whl", hash = "sha256:adf032b6c105881f9d77fa17d9eebe0ad1f9bfb2ad25777811f97c5362aa07f2", size = 242232, upload-time = "2024-04-23T17:41:21.05Z" },
    { url = "https://files.pythonhosted.org/packages/d9/3f/1a613c32aa1980d20d6ca2f54faf800df04aafad6016d7132b3276d8715d/coverage-7.5.0-cp312-cp312-musllinux_1_1_aarch64.whl", hash = "sha256:4ba01d9ba112b55bfa4b24808ec431197bb34f09f66f7cb4fd0258ff9d3711b1", size = 249171, upload-time = "2024-04-23T17:41:23.723Z" },
    { url = "https://files.pythonhosted.org/packages/b9/3b/e16b12693572fd69148453abc6ddcd20cbeae6f0a040b5ed6af2f75b646f/coverage-7.5.0-cp312-cp312-musllinux_1_1_i686.whl", hash = "sha256:f0bfe42523893c188e9616d853c47685e1c575fe25f737adf473d0405dcfa7eb", size = 247073, upload-time = "2024-04-23T17:41:25.719Z" },
    { url = "https://files.pythonhosted.org/packages/e7/3e/04a05d40bb09f90a312296a32fb2c5ade2dfcf803edf777ad18b97547503/coverage-7.5.0-cp312-cp312-musllinux_1_1_x86_64.whl", hash = "sha256:a9a7ef30a1b02547c1b23fa9a5564f03c9982fc71eb2ecb7f98c96d7a0db5cf2", size = 248812, upload-time = "2024-04-23T17:41:27.951Z" },
    { url = "https://files.pythonhosted.org/packages/ba/f7/3a8b7b0affe548227f3d45e248c0f22c5b55bff0ee062b49afc165b3ff25/coverage-7.5.0-cp312-cp312-win32.whl", hash = "sha256:3c2b77f295edb9fcdb6a250f83e6481c679335ca7e6e4a955e4290350f2d22a4", size = 212634, upload-time = "2024-04-23T17:41:30.114Z" },
    { url = "https://files.pythonhosted.org/packages/7c/31/5f5286d2a5e21e1fe5670629bb24c79bf46383a092e74e00077e7a178e5c/coverage-7.5.0-cp312-cp312-win_amd64.whl", hash = "sha256:427e1e627b0963ac02d7c8730ca6d935df10280d230508c0ba059505e9233475", size = 213460, upload-time = "2024-04-23T17:41:32.683Z" },
    { url = "https://files.pythonhosted.org/packages/34/81/f00ce7ef95479085feb01fa9e352b2b5b2b9d24767acf2266d6267a6dba9/coverage-7.5.0-pp38.pp39.pp310-none-any.whl", hash = "sha256:2b57780b51084d5223eee7b59f0d4911c31c16ee5aa12737c7a02455829ff067", size = 202381, upload-time = "2024-04-23T17:42:22.127Z" },
]

[package.optional-dependencies]
toml = [
    { name = "tomli", marker = "python_full_version <= '3.11'" },
]

[[package]]
name = "exceptiongroup"
version = "1.0.0"
source = { registry = "https://pypi.org/simple" }
sdist = { url = "https://files.pythonhosted.org/packages/4f/7e/eca80dbb5c10ec12ffb50884f52ecbff653cb5f443b0529244a748f114da/exceptiongroup-1.0.0.tar.gz", hash = "sha256:affbabf13fb6e98988c38d9c5650e701569fe3c1de3233cfb61c5f33774690ad", size = 12775, upload-time = "2022-10-27T07:49:38.421Z" }
wheels = [
    { url = "https://files.pythonhosted.org/packages/de/4c/2854d9e3dcce78108126aa3634186a64ddbfd06d4d69af74954665529e52/exceptiongroup-1.0.0-py3-none-any.whl", hash = "sha256:2ac84b496be68464a2da60da518af3785fff8b7ec0d090a581604bc870bdee41", size = 12316, upload-time = "2022-10-27T07:49:36.869Z" },
]

[[package]]
name = "iniconfig"
version = "1.0.0"
source = { registry = "https://pypi.org/simple" }
sdist = { url = "https://files.pythonhosted.org/packages/9d/6f/7187ac1996add14e220e565cad9867eb0b90b5fda523357f5ba52ee16d31/iniconfig-1.0.0.tar.gz", hash = "sha256:aa0b40f50a00e72323cb5d41302f9c6165728fd764ac8822aa3fff00a40d56b4", size = 7807, upload-time = "2016-09-23T17:05:09.306Z" }

[[package]]
name = "mypy"
version = "1.17.0"
source = { registry = "https://pypi.org/simple" }
dependencies = [
    { name = "mypy-extensions" },
    { name = "pathspec" },
    { name = "tomli", marker = "python_full_version < '3.11'" },
    { name = "typing-extensions" },
]
sdist = { url = "https://files.pythonhosted.org/packages/1e/e3/034322d5a779685218ed69286c32faa505247f1f096251ef66c8fd203b08/mypy-1.17.0.tar.gz", hash = "sha256:e5d7ccc08ba089c06e2f5629c660388ef1fee708444f1dee0b9203fa031dee03", size = 3352114, upload-time = "2025-07-14T20:34:30.181Z" }
wheels = [
    { url = "https://files.pythonhosted.org/packages/6a/31/e762baa3b73905c856d45ab77b4af850e8159dffffd86a52879539a08c6b/mypy-1.17.0-cp310-cp310-macosx_10_9_x86_64.whl", hash = "sha256:f8e08de6138043108b3b18f09d3f817a4783912e48828ab397ecf183135d84d6", size = 10998313, upload-time = "2025-07-14T20:33:24.519Z" },
    { url = "https://files.pythonhosted.org/packages/1c/c1/25b2f0d46fb7e0b5e2bee61ec3a47fe13eff9e3c2f2234f144858bbe6485/mypy-1.17.0-cp310-cp310-macosx_11_0_arm64.whl", hash = "sha256:ce4a17920ec144647d448fc43725b5873548b1aae6c603225626747ededf582d", size = 10128922, upload-time = "2025-07-14T20:34:06.414Z" },
    { url = "https://files.pythonhosted.org/packages/02/78/6d646603a57aa8a2886df1b8881fe777ea60f28098790c1089230cd9c61d/mypy-1.17.0-cp310-cp310-manylinux2014_aarch64.manylinux_2_17_aarch64.manylinux_2_28_aarch64.whl", hash = "sha256:6ff25d151cc057fdddb1cb1881ef36e9c41fa2a5e78d8dd71bee6e4dcd2bc05b", size = 11913524, upload-time = "2025-07-14T20:33:19.109Z" },
    { url = "https://files.pythonhosted.org/packages/4f/19/dae6c55e87ee426fb76980f7e78484450cad1c01c55a1dc4e91c930bea01/mypy-1.17.0-cp310-cp310-manylinux2014_x86_64.manylinux_2_17_x86_64.manylinux_2_28_x86_64.whl", hash = "sha256:93468cf29aa9a132bceb103bd8475f78cacde2b1b9a94fd978d50d4bdf616c9a", size = 12650527, upload-time = "2025-07-14T20:32:44.095Z" },
    { url = "https://files.pythonhosted.org/packages/86/e1/f916845a235235a6c1e4d4d065a3930113767001d491b8b2e1b61ca56647/mypy-1.17.0-cp310-cp310-musllinux_1_2_x86_64.whl", hash = "sha256:98189382b310f16343151f65dd7e6867386d3e35f7878c45cfa11383d175d91f", size = 12897284, upload-time = "2025-07-14T20:33:38.168Z" },
    { url = "https://files.pythonhosted.org/packages/ae/dc/414760708a4ea1b096bd214d26a24e30ac5e917ef293bc33cdb6fe22d2da/mypy-1.17.0-cp310-cp310-win_amd64.whl", hash = "sha256:c004135a300ab06a045c1c0d8e3f10215e71d7b4f5bb9a42ab80236364429937", size = 9506493, upload-time = "2025-07-14T20:34:01.093Z" },
    { url = "https://files.pythonhosted.org/packages/d4/24/82efb502b0b0f661c49aa21cfe3e1999ddf64bf5500fc03b5a1536a39d39/mypy-1.17.0-cp311-cp311-macosx_10_9_x86_64.whl", hash = "sha256:9d4fe5c72fd262d9c2c91c1117d16aac555e05f5beb2bae6a755274c6eec42be", size = 10914150, upload-time = "2025-07-14T20:31:51.985Z" },
    { url = "https://files.pythonhosted.org/packages/03/96/8ef9a6ff8cedadff4400e2254689ca1dc4b420b92c55255b44573de10c54/mypy-1.17.0-cp311-cp311-macosx_11_0_arm64.whl", hash = "sha256:d96b196e5c16f41b4f7736840e8455958e832871990c7ba26bf58175e357ed61", size = 10039845, upload-time = "2025-07-14T20:32:30.527Z" },
    { url = "https://files.pythonhosted.org/packages/df/32/7ce359a56be779d38021d07941cfbb099b41411d72d827230a36203dbb81/mypy-1.17.0-cp311-cp311-manylinux2014_aarch64.manylinux_2_17_aarch64.manylinux_2_28_aarch64.whl", hash = "sha256:73a0ff2dd10337ceb521c080d4147755ee302dcde6e1a913babd59473904615f", size = 11837246, upload-time = "2025-07-14T20:32:01.28Z" },
    { url = "https://files.pythonhosted.org/packages/82/16/b775047054de4d8dbd668df9137707e54b07fe18c7923839cd1e524bf756/mypy-1.17.0-cp311-cp311-manylinux2014_x86_64.manylinux_2_17_x86_64.manylinux_2_28_x86_64.whl", hash = "sha256:24cfcc1179c4447854e9e406d3af0f77736d631ec87d31c6281ecd5025df625d", size = 12571106, upload-time = "2025-07-14T20:34:26.942Z" },
    { url = "https://files.pythonhosted.org/packages/a1/cf/fa33eaf29a606102c8d9ffa45a386a04c2203d9ad18bf4eef3e20c43ebc8/mypy-1.17.0-cp311-cp311-musllinux_1_2_x86_64.whl", hash = "sha256:3c56f180ff6430e6373db7a1d569317675b0a451caf5fef6ce4ab365f5f2f6c3", size = 12759960, upload-time = "2025-07-14T20:33:42.882Z" },
    { url = "https://files.pythonhosted.org/packages/94/75/3f5a29209f27e739ca57e6350bc6b783a38c7621bdf9cac3ab8a08665801/mypy-1.17.0-cp311-cp311-win_amd64.whl", hash = "sha256:eafaf8b9252734400f9b77df98b4eee3d2eecab16104680d51341c75702cad70", size = 9503888, upload-time = "2025-07-14T20:32:34.392Z" },
    { url = "https://files.pythonhosted.org/packages/12/e9/e6824ed620bbf51d3bf4d6cbbe4953e83eaf31a448d1b3cfb3620ccb641c/mypy-1.17.0-cp312-cp312-macosx_10_13_x86_64.whl", hash = "sha256:f986f1cab8dbec39ba6e0eaa42d4d3ac6686516a5d3dccd64be095db05ebc6bb", size = 11086395, upload-time = "2025-07-14T20:34:11.452Z" },
    { url = "https://files.pythonhosted.org/packages/ba/51/a4afd1ae279707953be175d303f04a5a7bd7e28dc62463ad29c1c857927e/mypy-1.17.0-cp312-cp312-macosx_11_0_arm64.whl", hash = "sha256:51e455a54d199dd6e931cd7ea987d061c2afbaf0960f7f66deef47c90d1b304d", size = 10120052, upload-time = "2025-07-14T20:33:09.897Z" },
    { url = "https://files.pythonhosted.org/packages/8a/71/19adfeac926ba8205f1d1466d0d360d07b46486bf64360c54cb5a2bd86a8/mypy-1.17.0-cp312-cp312-manylinux2014_aarch64.manylinux_2_17_aarch64.manylinux_2_28_aarch64.whl", hash = "sha256:3204d773bab5ff4ebbd1f8efa11b498027cd57017c003ae970f310e5b96be8d8", size = 11861806, upload-time = "2025-07-14T20:32:16.028Z" },
    { url = "https://files.pythonhosted.org/packages/0b/64/d6120eca3835baf7179e6797a0b61d6c47e0bc2324b1f6819d8428d5b9ba/mypy-1.17.0-cp312-cp312-manylinux2014_x86_64.manylinux_2_17_x86_64.manylinux_2_28_x86_64.whl", hash = "sha256:1051df7ec0886fa246a530ae917c473491e9a0ba6938cfd0ec2abc1076495c3e", size = 12744371, upload-time = "2025-07-14T20:33:33.503Z" },
    { url = "https://files.pythonhosted.org/packages/1f/dc/56f53b5255a166f5bd0f137eed960e5065f2744509dfe69474ff0ba772a5/mypy-1.17.0-cp312-cp312-musllinux_1_2_x86_64.whl", hash = "sha256:f773c6d14dcc108a5b141b4456b0871df638eb411a89cd1c0c001fc4a9d08fc8", size = 12914558, upload-time = "2025-07-14T20:33:56.961Z" },
    { url = "https://files.pythonhosted.org/packages/69/ac/070bad311171badc9add2910e7f89271695a25c136de24bbafc7eded56d5/mypy-1.17.0-cp312-cp312-win_amd64.whl", hash = "sha256:1619a485fd0e9c959b943c7b519ed26b712de3002d7de43154a489a2d0fd817d", size = 9585447, upload-time = "2025-07-14T20:32:20.594Z" },
    { url = "https://files.pythonhosted.org/packages/be/7b/5f8ab461369b9e62157072156935cec9d272196556bdc7c2ff5f4c7c0f9b/mypy-1.17.0-cp313-cp313-macosx_10_13_x86_64.whl", hash = "sha256:2c41aa59211e49d717d92b3bb1238c06d387c9325d3122085113c79118bebb06", size = 11070019, upload-time = "2025-07-14T20:32:07.99Z" },
    { url = "https://files.pythonhosted.org/packages/9c/f8/c49c9e5a2ac0badcc54beb24e774d2499748302c9568f7f09e8730e953fa/mypy-1.17.0-cp313-cp313-macosx_11_0_arm64.whl", hash = "sha256:0e69db1fb65b3114f98c753e3930a00514f5b68794ba80590eb02090d54a5d4a", size = 10114457, upload-time = "2025-07-14T20:33:47.285Z" },
    { url = "https://files.pythonhosted.org/packages/89/0c/fb3f9c939ad9beed3e328008b3fb90b20fda2cddc0f7e4c20dbefefc3b33/mypy-1.17.0-cp313-cp313-manylinux2014_aarch64.manylinux_2_17_aarch64.manylinux_2_28_aarch64.whl", hash = "sha256:03ba330b76710f83d6ac500053f7727270b6b8553b0423348ffb3af6f2f7b889", size = 11857838, upload-time = "2025-07-14T20:33:14.462Z" },
    { url = "https://files.pythonhosted.org/packages/4c/66/85607ab5137d65e4f54d9797b77d5a038ef34f714929cf8ad30b03f628df/mypy-1.17.0-cp313-cp313-manylinux2014_x86_64.manylinux_2_17_x86_64.manylinux_2_28_x86_64.whl", hash = "sha256:037bc0f0b124ce46bfde955c647f3e395c6174476a968c0f22c95a8d2f589bba", size = 12731358, upload-time = "2025-07-14T20:32:25.579Z" },
    { url = "https://files.pythonhosted.org/packages/73/d0/341dbbfb35ce53d01f8f2969facbb66486cee9804048bf6c01b048127501/mypy-1.17.0-cp313-cp313-musllinux_1_2_x86_64.whl", hash = "sha256:c38876106cb6132259683632b287238858bd58de267d80defb6f418e9ee50658", size = 12917480, upload-time = "2025-07-14T20:34:21.868Z" },
    { url = "https://files.pythonhosted.org/packages/64/63/70c8b7dbfc520089ac48d01367a97e8acd734f65bd07813081f508a8c94c/mypy-1.17.0-cp313-cp313-win_amd64.whl", hash = "sha256:d30ba01c0f151998f367506fab31c2ac4527e6a7b2690107c7a7f9e3cb419a9c", size = 9589666, upload-time = "2025-07-14T20:34:16.841Z" },
    { url = "https://files.pythonhosted.org/packages/e3/fc/ee058cc4316f219078464555873e99d170bde1d9569abd833300dbeb484a/mypy-1.17.0-py3-none-any.whl", hash = "sha256:15d9d0018237ab058e5de3d8fce61b6fa72cc59cc78fd91f1b474bce12abf496", size = 2283195, upload-time = "2025-07-14T20:31:54.753Z" },
]

[[package]]
name = "mypy-extensions"
version = "1.0.0"
source = { registry = "https://pypi.org/simple" }
sdist = { url = "https://files.pythonhosted.org/packages/98/a4/1ab47638b92648243faf97a5aeb6ea83059cc3624972ab6b8d2316078d3f/mypy_extensions-1.0.0.tar.gz", hash = "sha256:75dbf8955dc00442a438fc4d0666508a9a97b6bd41aa2f0ffe9d2f2725af0782", size = 4433, upload-time = "2023-02-04T12:11:27.157Z" }
wheels = [
    { url = "https://files.pythonhosted.org/packages/2a/e2/5d3f6ada4297caebe1a2add3b126fe800c96f56dbe5d1988a2cbe0b267aa/mypy_extensions-1.0.0-py3-none-any.whl", hash = "sha256:4392f6c0eb8a5668a69e23d168ffa70f0be9ccfd32b5cc2d26a34ae5b844552d", size = 4695, upload-time = "2023-02-04T12:11:25.002Z" },
]

[[package]]
name = "packaging"
version = "21.0"
source = { registry = "https://pypi.org/simple" }
dependencies = [
    { name = "pyparsing" },
]
sdist = { url = "https://files.pythonhosted.org/packages/df/86/aef78bab3afd461faecf9955a6501c4999933a48394e90f03cd512aad844/packaging-21.0.tar.gz", hash = "sha256:7dc96269f53a4ccec5c0670940a4281106dd0bb343f47b7471f779df49c2fbe7", size = 83544, upload-time = "2021-07-03T12:32:32.937Z" }
wheels = [
    { url = "https://files.pythonhosted.org/packages/3c/77/e2362b676dc5008d81be423070dd9577fa03be5da2ba1105811900fda546/packaging-21.0-py3-none-any.whl", hash = "sha256:c86254f9220d55e31cc94d69bade760f0847da8000def4dfe1c6b872fd14ff14", size = 40357, upload-time = "2021-07-03T12:32:30.829Z" },
]

[[package]]
name = "paramclasses"
version = "0.4.4.dev1"
source = { editable = "." }

[package.dev-dependencies]
dev = [
    { name = "mypy" },
    { name = "pytest" },
    { name = "pytest-cov" },
]

[package.metadata]

[package.metadata.requires-dev]
dev = [
    { name = "mypy", specifier = ">=1.17.0" },
    { name = "pytest", specifier = ">=7.4.0" },
    { name = "pytest-cov", specifier = ">=6.0.0" },
]

[[package]]
name = "pathspec"
version = "0.9.0"
source = { registry = "https://pypi.org/simple" }
sdist = { url = "https://files.pythonhosted.org/packages/f6/33/436c5cb94e9f8902e59d1d544eb298b83c84b9ec37b5b769c5a0ad6edb19/pathspec-0.9.0.tar.gz", hash = "sha256:e564499435a2673d586f6b2130bb5b95f04a3ba06f81b8f895b651a3c76aabb1", size = 29483, upload-time = "2021-07-18T00:27:56.81Z" }
wheels = [
    { url = "https://files.pythonhosted.org/packages/42/ba/a9d64c7bcbc7e3e8e5f93a52721b377e994c22d16196e2b0f1236774353a/pathspec-0.9.0-py2.py3-none-any.whl", hash = "sha256:7d15c4ddb0b5c802d161efc417ec1a2558ea2653c2e8ad9c19098201dc1c993a", size = 31165, upload-time = "2021-07-18T00:27:58.275Z" },
]

[[package]]
name = "pluggy"
version = "1.0.0"
source = { registry = "https://pypi.org/simple" }
sdist = { url = "https://files.pythonhosted.org/packages/a1/16/db2d7de3474b6e37cbb9c008965ee63835bba517e22cdb8c35b5116b5ce1/pluggy-1.0.0.tar.gz", hash = "sha256:4224373bacce55f955a878bf9cfa763c1e360858e330072059e10bad68531159", size = 51510, upload-time = "2021-08-25T16:26:02.196Z" }
wheels = [
    { url = "https://files.pythonhosted.org/packages/9e/01/f38e2ff29715251cf25532b9082a1589ab7e4f571ced434f98d0139336dc/pluggy-1.0.0-py2.py3-none-any.whl", hash = "sha256:74134bbf457f031a36d68416e1509f34bd5ccc019f0bcc952c7b909d06b37bd3", size = 13667, upload-time = "2021-08-25T16:25:59.674Z" },
]

[[package]]
name = "pyparsing"
version = "2.4.7"
source = { registry = "https://pypi.org/simple" }
sdist = { url = "https://files.pythonhosted.org/packages/c1/47/dfc9c342c9842bbe0036c7f763d2d6686bcf5eb1808ba3e170afdb282210/pyparsing-2.4.7.tar.gz", hash = "sha256:c203ec8783bf771a155b207279b9bccb8dea02d8f0c9e5f8ead507bc3246ecc1", size = 649718, upload-time = "2020-04-05T22:21:25.349Z" }
wheels = [
    { url = "https://files.pythonhosted.org/packages/8a/bb/488841f56197b13700afd5658fc279a2025a39e22449b7cf29864669b15d/pyparsing-2.4.7-py2.py3-none-any.whl", hash = "sha256:ef9d7589ef3c200abe66653d3f1ab1033c3c419ae9b9bdb1240a85b024efc88b", size = 67842, upload-time = "2020-04-05T22:21:22.897Z" },
]

[[package]]
name = "pytest"
version = "7.4.0"
source = { registry = "https://pypi.org/simple" }
dependencies = [
    { name = "colorama", marker = "sys_platform == 'win32'" },
    { name = "exceptiongroup", marker = "python_full_version < '3.11'" },
    { name = "iniconfig" },
    { name = "packaging" },
    { name = "pluggy" },
    { name = "tomli", marker = "python_full_version < '3.11'" },
]
sdist = { url = "https://files.pythonhosted.org/packages/a7/f3/dadfbdbf6b6c8b5bd02adb1e08bc9fbb45ba51c68b0893fa536378cdf485/pytest-7.4.0.tar.gz", hash = "sha256:b4bf8c45bd59934ed84001ad51e11b4ee40d40a1229d2c79f9c592b0a3f6bd8a", size = 1349733, upload-time = "2023-06-23T11:17:28.791Z" }
wheels = [
    { url = "https://files.pythonhosted.org/packages/33/b2/741130cbcf2bbfa852ed95a60dc311c9e232c7ed25bac3d9b8880a8df4ae/pytest-7.4.0-py3-none-any.whl", hash = "sha256:78bf16451a2eb8c7a2ea98e32dc119fd2aa758f1d5d66dbf0a59d69a3969df32", size = 323580, upload-time = "2023-06-23T11:17:25.738Z" },
]

[[package]]
name = "pytest-cov"
version = "6.0.0"
source = { registry = "https://pypi.org/simple" }
dependencies = [
    { name = "coverage", extra = ["toml"] },
    { name = "pytest" },
]
sdist = { url = "https://files.pythonhosted.org/packages/be/45/9b538de8cef30e17c7b45ef42f538a94889ed6a16f2387a6c89e73220651/pytest-cov-6.0.0.tar.gz", hash = "sha256:fde0b595ca248bb8e2d76f020b465f3b107c9632e6a1d1705f17834c89dcadc0", size = 66945, upload-time = "2024-10-29T20:13:35.363Z" }
wheels = [
    { url = "https://files.pythonhosted.org/packages/36/3b/48e79f2cd6a61dbbd4807b4ed46cb564b4fd50a76166b1c4ea5c1d9e2371/pytest_cov-6.0.0-py3-none-any.whl", hash = "sha256:eee6f1b9e61008bd34975a4d5bab25801eb31898b032dd55addc93e96fcaaa35", size = 22949, upload-time = "2024-10-29T20:13:33.215Z" },
]

[[package]]
name = "tomli"
version = "1.1.0"
source = { registry = "https://pypi.org/simple" }
sdist = { url = "https://files.pythonhosted.org/packages/6c/16/f48ab3289015f8f90e2c68fb76531728b3d8e4ce5052ee80ad10e7707eda/tomli-1.1.0.tar.gz", hash = "sha256:33d7984738f8bb699c9b0a816eb646a8178a69eaa792d258486776a5d21b8ca5", size = 12134, upload-time = "2021-07-23T09:47:07.803Z" }
wheels = [
    { url = "https://files.pythonhosted.org/packages/2e/ac/75c79a6880ba6b306df9f61fedf802dd7db0c54d42e4a879f1428625c138/tomli-1.1.0-py3-none-any.whl", hash = "sha256:f4a182048010e89cbec0ae4686b21f550a7f2903f665e34a6de58ec15424f919", size = 11712, upload-time = "2021-07-23T09:47:06.566Z" },
]

[[package]]
name = "typing-extensions"
version = "4.6.0"
source = { registry = "https://pypi.org/simple" }
sdist = { url = "https://files.pythonhosted.org/packages/e4/03/4670b4c206e1dc869f2f0120c3d0a2b17d42526ab2b5a8f66d4cd8642ef3/typing_extensions-4.6.0.tar.gz", hash = "sha256:ff6b238610c747e44c268aa4bb23c8c735d665a63726df3f9431ce707f2aa768", size = 63017, upload-time = "2023-05-23T00:14:24.987Z" }
wheels = [
    { url = "https://files.pythonhosted.org/packages/85/d2/949d324c348014f0fd2e8e6d8efd3c0adefdcecd28990d4144f2cfc8105e/typing_extensions-4.6.0-py3-none-any.whl", hash = "sha256:6ad00b63f849b7dcc313b70b6b304ed67b2b2963b3098a33efe18056b1a9a223", size = 30680, upload-time = "2023-05-23T00:14:22.372Z" },
]
